{
  "name": "aire-theme-flow",
  "version": "0.0.1",
  "lockfileVersion": 2,
  "requires": true,
  "packages": {
    "": {
      "name": "aire-theme-flow",
      "version": "0.0.1",
      "license": "MIT",
      "devDependencies": {
        "@aire-ux/aire-theme-manager": "^0.0.2"
      }
    },
    "node_modules/@aire-ux/aire-theme-manager": {
      "version": "0.0.2",
      "resolved": "https://registry.npmjs.org/@aire-ux/aire-theme-manager/-/aire-theme-manager-0.0.2.tgz",
      "integrity": "sha512-DV1KW7CQGV1isMYldtvoHvqVyhD5e2zDfhhuFu8IMaUqvEBButdLT/KaJzVcf84yM2079EjXXyr53sPP95XYiQ==",
      "dev": true
    }
  },
  "dependencies": {
    "@aire-ux/aire-theme-manager": {
      "version": "0.0.2",
      "resolved": "https://registry.npmjs.org/@aire-ux/aire-theme-manager/-/aire-theme-manager-0.0.2.tgz",
      "integrity": "sha512-DV1KW7CQGV1isMYldtvoHvqVyhD5e2zDfhhuFu8IMaUqvEBButdLT/KaJzVcf84yM2079EjXXyr53sPP95XYiQ==",
      "dev": true
    }
  }
}
