{
  "name": "@aire-ux/aire-designer-flow",
  "version": "1.0.0",
  "lockfileVersion": 2,
  "requires": true,
  "packages": {
    "": {
      "name": "@aire-ux/aire-designer-flow",
      "version": "1.0.0",
      "license": "MIT",
      "devDependencies": {
        "mxgraph": "^4.2.2"
      }
    },
    "node_modules/mxgraph": {
      "version": "4.2.2",
      "resolved": "https://registry.npmjs.org/mxgraph/-/mxgraph-4.2.2.tgz",
      "integrity": "sha512-FrJc5AxzXSqiQNF+8CyJk6VxuKO4UVPgw32FZuFZ3X9W+JqOAQBTokZhh0ZkEqGpEOyp3z778ssmBTvdrTAdqw==",
      "deprecated": "Package no longer supported. Use at your own risk",
      "dev": true
    }
  },
  "dependencies": {
    "mxgraph": {
      "version": "4.2.2",
      "resolved": "https://registry.npmjs.org/mxgraph/-/mxgraph-4.2.2.tgz",
      "integrity": "sha512-FrJc5AxzXSqiQNF+8CyJk6VxuKO4UVPgw32FZuFZ3X9W+JqOAQBTokZhh0ZkEqGpEOyp3z778ssmBTvdrTAdqw==",
      "dev": true
    }
  }
}
