{
  "name": "@aire-ux/aire-designer-flow",
  "version": "1.0.0",
  "lockfileVersion": 2,
  "requires": true,
  "packages": {
    "": {
      "name": "@aire-ux/aire-designer-flow",
      "version": "1.0.0",
      "license": "MIT",
      "devDependencies": {
        "@aire-ux/mxgraph": "^4.2.6"
      }
    },
    "node_modules/@aire-ux/mxgraph": {
      "version": "4.2.6",
      "resolved": "https://registry.npmjs.org/@aire-ux/mxgraph/-/mxgraph-4.2.6.tgz",
      "integrity": "sha512-/55IyWLXmVeSu7I0ilEu36KnT9dfx2hxZRaocnShJtTuwqHHHqIqy7MbcMs1Egh/jSTkVJjEdfy+DGThbGNmrg==",
      "dev": true
    }
  },
  "dependencies": {
    "@aire-ux/mxgraph": {
      "version": "4.2.6",
      "resolved": "https://registry.npmjs.org/@aire-ux/mxgraph/-/mxgraph-4.2.6.tgz",
      "integrity": "sha512-/55IyWLXmVeSu7I0ilEu36KnT9dfx2hxZRaocnShJtTuwqHHHqIqy7MbcMs1Egh/jSTkVJjEdfy+DGThbGNmrg==",
      "dev": true
    }
  }
}
